
Microsoft Visual Studio Solution File, Format Version 12.00
# Visual Studio Version 16
VisualStudioVersion = 16.0.28922.388
MinimumVisualStudioVersion = 10.0.40219.1
Project("{FAE04EC0-301F-11D3-BF4B-00C04F79EFBC}") = "SistemaInscripcion", "SistemaInscripcion\SistemaInscripcion.csproj", "{84BE5E9C-226B-44C8-8845-E730223C75B7}"
EndProject
Global
	GlobalSection(SolutionConfigurationPlatforms) = preSolution
		Debug|Any CPU = Debug|Any CPU
		Release|Any CPU = Release|Any CPU
	EndGlobalSection
	GlobalSection(ProjectConfigurationPlatforms) = postSolution
		{84BE5E9C-226B-44C8-8845-E730223C75B7}.Debug|Any CPU.ActiveCfg = Debug|Any CPU
		{84BE5E9C-226B-44C8-8845-E730223C75B7}.Debug|Any CPU.Build.0 = Debug|Any CPU
		{84BE5E9C-226B-44C8-8845-E730223C75B7}.Release|Any CPU.ActiveCfg = Release|Any CPU
		{84BE5E9C-226B-44C8-8845-E730223C75B7}.Release|Any CPU.Build.0 = Release|Any CPU
	EndGlobalSection
	GlobalSection(SolutionProperties) = preSolution
		HideSolutionNode = FALSE
	EndGlobalSection
	GlobalSection(ExtensibilityGlobals) = postSolution
		SolutionGuid = {CEEE0873-F6E1-47A0-9CCC-88D6393703D5}
	EndGlobalSection
EndGlobal
